
Microsoft Visual Studio Solution File, Format Version 12.00
# Visual Studio Version 16
VisualStudioVersion = 16.0.31702.278
MinimumVisualStudioVersion = 10.0.40219.1
Project("{FAE04EC0-301F-11D3-BF4B-00C04F79EFBC}") = "ImageGallery_Saumya", "ImageGallery_Saumya.csproj", "{57144BE4-06EB-40ED-98AE-B088EC3C6A68}"
EndProject
Global
	GlobalSection(SolutionConfigurationPlatforms) = preSolution
		Debug|Any CPU = Debug|Any CPU
		Release|Any CPU = Release|Any CPU
	EndGlobalSection
	GlobalSection(ProjectConfigurationPlatforms) = postSolution
		{57144BE4-06EB-40ED-98AE-B088EC3C6A68}.Debug|Any CPU.ActiveCfg = Debug|Any CPU
		{57144BE4-06EB-40ED-98AE-B088EC3C6A68}.Debug|Any CPU.Build.0 = Debug|Any CPU
		{57144BE4-06EB-40ED-98AE-B088EC3C6A68}.Release|Any CPU.ActiveCfg = Release|Any CPU
		{57144BE4-06EB-40ED-98AE-B088EC3C6A68}.Release|Any CPU.Build.0 = Release|Any CPU
	EndGlobalSection
	GlobalSection(SolutionProperties) = preSolution
		HideSolutionNode = FALSE
	EndGlobalSection
	GlobalSection(ExtensibilityGlobals) = postSolution
		SolutionGuid = {6564CEF6-DC95-43C1-9E6E-2B78FAC5042A}
	EndGlobalSection
EndGlobal
